
Microsoft Visual Studio Solution File, Format Version 12.00
# Visual Studio Version 16
VisualStudioVersion = 16.0.29509.3
MinimumVisualStudioVersion = 10.0.40219.1
Project("{2150E333-8FDC-42A3-9474-1A3956D46DE8}") = "opendmc", "opendmc", "{40EA600C-F9F1-4A21-BDE2-435A572B6D04}"
EndProject
Project("{2150E333-8FDC-42A3-9474-1A3956D46DE8}") = "3rdparty", "3rdparty", "{E82A9B73-0A8A-43A5-BFAF-D0AEBB2BB1FB}"
EndProject
Project("{2150E333-8FDC-42A3-9474-1A3956D46DE8}") = "sample", "sample", "{D6A4DB7D-288D-4BED-8CCB-4C7C9B2842AF}"
EndProject
Project("{8BC9CEB8-8B4A-11D0-8D11-00A0C91BC942}") = "opendmc_conf", "opendmc\opendmc_conf\opendmc_conf.vcxproj", "{6F0CAAE2-BA1D-4A0C-AF95-6F440AC029CD}"
EndProject
Project("{8BC9CEB8-8B4A-11D0-8D11-00A0C91BC942}") = "opendmc_wnds", "opendmc\opendmc_wnds\opendmc_wnds.vcxproj", "{3B531792-4520-4868-86C5-44C373F665ED}"
EndProject
Project("{8BC9CEB8-8B4A-11D0-8D11-00A0C91BC942}") = "sample_window", "sample\sample_window\sample_window.vcxproj", "{DBB4D522-9484-4AF6-AA07-9235D44D06B6}"
EndProject
Project("{8BC9CEB8-8B4A-11D0-8D11-00A0C91BC942}") = "HSLPR", "sample\HSLPR\HSLPR.vcxproj", "{8D4955C7-46E6-4475-8CD9-8AD57BA060B8}"
EndProject
Project("{8BC9CEB8-8B4A-11D0-8D11-00A0C91BC942}") = "opendmc_image", "opendmc\opendmc_image\opendmc_image.vcxproj", "{40AEDACA-A7F4-4AFB-8943-BAD9394DD765}"
EndProject
Project("{8BC9CEB8-8B4A-11D0-8D11-00A0C91BC942}") = "HiSHARPLPR", "sample\HiSHARPLPR\HiSHARPLPR.vcxproj", "{F70FAB64-4B05-4C26-8357-DD501D636475}"
EndProject
Global
	GlobalSection(SolutionConfigurationPlatforms) = preSolution
		Debug|x64 = Debug|x64
		Debug|x86 = Debug|x86
		Release|x64 = Release|x64
		Release|x86 = Release|x86
	EndGlobalSection
	GlobalSection(ProjectConfigurationPlatforms) = postSolution
		{6F0CAAE2-BA1D-4A0C-AF95-6F440AC029CD}.Debug|x64.ActiveCfg = Debug|x64
		{6F0CAAE2-BA1D-4A0C-AF95-6F440AC029CD}.Debug|x64.Build.0 = Debug|x64
		{6F0CAAE2-BA1D-4A0C-AF95-6F440AC029CD}.Debug|x86.ActiveCfg = Debug|Win32
		{6F0CAAE2-BA1D-4A0C-AF95-6F440AC029CD}.Debug|x86.Build.0 = Debug|Win32
		{6F0CAAE2-BA1D-4A0C-AF95-6F440AC029CD}.Release|x64.ActiveCfg = Release|x64
		{6F0CAAE2-BA1D-4A0C-AF95-6F440AC029CD}.Release|x64.Build.0 = Release|x64
		{6F0CAAE2-BA1D-4A0C-AF95-6F440AC029CD}.Release|x86.ActiveCfg = Release|Win32
		{6F0CAAE2-BA1D-4A0C-AF95-6F440AC029CD}.Release|x86.Build.0 = Release|Win32
		{3B531792-4520-4868-86C5-44C373F665ED}.Debug|x64.ActiveCfg = Debug|x64
		{3B531792-4520-4868-86C5-44C373F665ED}.Debug|x64.Build.0 = Debug|x64
		{3B531792-4520-4868-86C5-44C373F665ED}.Debug|x86.ActiveCfg = Debug|Win32
		{3B531792-4520-4868-86C5-44C373F665ED}.Debug|x86.Build.0 = Debug|Win32
		{3B531792-4520-4868-86C5-44C373F665ED}.Release|x64.ActiveCfg = Release|x64
		{3B531792-4520-4868-86C5-44C373F665ED}.Release|x64.Build.0 = Release|x64
		{3B531792-4520-4868-86C5-44C373F665ED}.Release|x86.ActiveCfg = Release|Win32
		{3B531792-4520-4868-86C5-44C373F665ED}.Release|x86.Build.0 = Release|Win32
		{DBB4D522-9484-4AF6-AA07-9235D44D06B6}.Debug|x64.ActiveCfg = Debug|x64
		{DBB4D522-9484-4AF6-AA07-9235D44D06B6}.Debug|x64.Build.0 = Debug|x64
		{DBB4D522-9484-4AF6-AA07-9235D44D06B6}.Debug|x86.ActiveCfg = Debug|Win32
		{DBB4D522-9484-4AF6-AA07-9235D44D06B6}.Debug|x86.Build.0 = Debug|Win32
		{DBB4D522-9484-4AF6-AA07-9235D44D06B6}.Release|x64.ActiveCfg = Release|x64
		{DBB4D522-9484-4AF6-AA07-9235D44D06B6}.Release|x64.Build.0 = Release|x64
		{DBB4D522-9484-4AF6-AA07-9235D44D06B6}.Release|x86.ActiveCfg = Release|Win32
		{DBB4D522-9484-4AF6-AA07-9235D44D06B6}.Release|x86.Build.0 = Release|Win32
		{8D4955C7-46E6-4475-8CD9-8AD57BA060B8}.Debug|x64.ActiveCfg = Debug|x64
		{8D4955C7-46E6-4475-8CD9-8AD57BA060B8}.Debug|x64.Build.0 = Debug|x64
		{8D4955C7-46E6-4475-8CD9-8AD57BA060B8}.Debug|x86.ActiveCfg = Debug|Win32
		{8D4955C7-46E6-4475-8CD9-8AD57BA060B8}.Debug|x86.Build.0 = Debug|Win32
		{8D4955C7-46E6-4475-8CD9-8AD57BA060B8}.Release|x64.ActiveCfg = Release|x64
		{8D4955C7-46E6-4475-8CD9-8AD57BA060B8}.Release|x64.Build.0 = Release|x64
		{8D4955C7-46E6-4475-8CD9-8AD57BA060B8}.Release|x86.ActiveCfg = Release|Win32
		{8D4955C7-46E6-4475-8CD9-8AD57BA060B8}.Release|x86.Build.0 = Release|Win32
		{40AEDACA-A7F4-4AFB-8943-BAD9394DD765}.Debug|x64.ActiveCfg = Debug|x64
		{40AEDACA-A7F4-4AFB-8943-BAD9394DD765}.Debug|x64.Build.0 = Debug|x64
		{40AEDACA-A7F4-4AFB-8943-BAD9394DD765}.Debug|x86.ActiveCfg = Debug|Win32
		{40AEDACA-A7F4-4AFB-8943-BAD9394DD765}.Debug|x86.Build.0 = Debug|Win32
		{40AEDACA-A7F4-4AFB-8943-BAD9394DD765}.Release|x64.ActiveCfg = Release|x64
		{40AEDACA-A7F4-4AFB-8943-BAD9394DD765}.Release|x64.Build.0 = Release|x64
		{40AEDACA-A7F4-4AFB-8943-BAD9394DD765}.Release|x86.ActiveCfg = Release|Win32
		{40AEDACA-A7F4-4AFB-8943-BAD9394DD765}.Release|x86.Build.0 = Release|Win32
		{F70FAB64-4B05-4C26-8357-DD501D636475}.Debug|x64.ActiveCfg = Debug|x64
		{F70FAB64-4B05-4C26-8357-DD501D636475}.Debug|x64.Build.0 = Debug|x64
		{F70FAB64-4B05-4C26-8357-DD501D636475}.Debug|x86.ActiveCfg = Debug|Win32
		{F70FAB64-4B05-4C26-8357-DD501D636475}.Debug|x86.Build.0 = Debug|Win32
		{F70FAB64-4B05-4C26-8357-DD501D636475}.Release|x64.ActiveCfg = Release|x64
		{F70FAB64-4B05-4C26-8357-DD501D636475}.Release|x64.Build.0 = Release|x64
		{F70FAB64-4B05-4C26-8357-DD501D636475}.Release|x86.ActiveCfg = Release|Win32
		{F70FAB64-4B05-4C26-8357-DD501D636475}.Release|x86.Build.0 = Release|Win32
	EndGlobalSection
	GlobalSection(SolutionProperties) = preSolution
		HideSolutionNode = FALSE
	EndGlobalSection
	GlobalSection(NestedProjects) = preSolution
		{6F0CAAE2-BA1D-4A0C-AF95-6F440AC029CD} = {40EA600C-F9F1-4A21-BDE2-435A572B6D04}
		{3B531792-4520-4868-86C5-44C373F665ED} = {40EA600C-F9F1-4A21-BDE2-435A572B6D04}
		{DBB4D522-9484-4AF6-AA07-9235D44D06B6} = {D6A4DB7D-288D-4BED-8CCB-4C7C9B2842AF}
		{8D4955C7-46E6-4475-8CD9-8AD57BA060B8} = {D6A4DB7D-288D-4BED-8CCB-4C7C9B2842AF}
		{40AEDACA-A7F4-4AFB-8943-BAD9394DD765} = {40EA600C-F9F1-4A21-BDE2-435A572B6D04}
		{F70FAB64-4B05-4C26-8357-DD501D636475} = {D6A4DB7D-288D-4BED-8CCB-4C7C9B2842AF}
	EndGlobalSection
	GlobalSection(ExtensibilityGlobals) = postSolution
		SolutionGuid = {56C14C8A-C939-493A-B5D9-90915CA786FC}
	EndGlobalSection
EndGlobal
